// !$*UTF8*$!
{
	archiveVersion = 1;
	classes = {
	};
	objectVersion = 46;
	objects = {

/* Begin PBXBuildFile section */
		A641EF4E1E65A45600C94BB9 /* AppDelegate.swift in Sources */ = {isa = PBXBuildFile; fileRef = A641EF4D1E65A45600C94BB9 /* AppDelegate.swift */; };
		A641EF501E65A45600C94BB9 /* ViewController.swift in Sources */ = {isa = PBXBuildFile; fileRef = A641EF4F1E65A45600C94BB9 /* ViewController.swift */; };
		A641EF531E65A45600C94BB9 /* Main.storyboard in Resources */ = {isa = PBXBuildFile; fileRef = A641EF511E65A45600C94BB9 /* Main.storyboard */; };
		A641EF551E65A45600C94BB9 /* Assets.xcassets in Resources */ = {isa = PBXBuildFile; fileRef = A641EF541E65A45600C94BB9 /* Assets.xcassets */; };
		A641EF581E65A45600C94BB9 /* LaunchScreen.storyboard in Resources */ = {isa = PBXBuildFile; fileRef = A641EF561E65A45600C94BB9 /* LaunchScreen.storyboard */; };
/* End PBXBuildFile section */

/* Begin PBXFileReference section */
		A641EF4A1E65A45600C94BB9 /* HLSTask.app */ = {isa = PBXFileReference; explicitFileType = wrapper.application; includeInIndex = 0; path = HLSTask.app; sourceTree = BUILT_PRODUCTS_DIR; };
		A641EF4D1E65A45600C94BB9 /* AppDelegate.swift */ = {isa = PBXFileReference; lastKnownFileType = sourcecode.swift; path = AppDelegate.swift; sourceTree = "<group>"; };
		A641EF4F1E65A45600C94BB9 /* ViewController.swift */ = {isa = PBXFileReference; lastKnownFileType = sourcecode.swift; path = ViewController.swift; sourceTree = "<group>"; };
		A641EF521E65A45600C94BB9 /* Base */ = {isa = PBXFileReference; lastKnownFileType = file.storyboard; name = Base; path = Base.lproj/Main.storyboard; sourceTree = "<group>"; };
		A641EF541E65A45600C94BB9 /* Assets.xcassets */ = {isa = PBXFileReference; lastKnownFileType = folder.assetcatalog; path = Assets.xcassets; sourceTree = "<group>"; };
		A641EF571E65A45600C94BB9 /* Base */ = {isa = PBXFileReference; lastKnownFileType = file.storyboard; name = Base; path = Base.lproj/LaunchScreen.storyboard; sourceTree = "<group>"; };
		A641EF591E65A45600C94BB9 /* Info.plist */ = {isa = PBXFileReference; lastKnownFileType = text.plist.xml; path = Info.plist; sourceTree = "<group>"; };
/* End PBXFileReference section */

/* Begin PBXFrameworksBuildPhase section */
		A641EF471E65A45600C94BB9 /* Frameworks */ = {
			isa = PBXFrameworksBuildPhase;
			buildActionMask = 2147483647;
			files = (
			);
			runOnlyForDeploymentPostprocessing = 0;
		};
/* End PBXFrameworksBuildPhase section */

/* Begin PBXGroup section */
		A641EF411E65A45600C94BB9 = {
			isa = PBXGroup;
			children = (
				A641EF4C1E65A45600C94BB9 /* HLSTask */,
				A641EF4B1E65A45600C94BB9 /* Products */,
			);
			sourceTree = "<group>";
		};
		A641EF4B1E65A45600C94BB9 /* Products */ = {
			isa = PBXGroup;
			children = (
				A641EF4A1E65A45600C94BB9 /* HLSTask.app */,
			);
			name = Products;
			sourceTree = "<group>";
		};
		A641EF4C1E65A45600C94BB9 /* HLSTask */ = {
			isa = PBXGroup;
			children = (
				A641EF4D1E65A45600C94BB9 /* AppDelegate.swift */,
				A641EF4F1E65A45600C94BB9 /* ViewController.swift */,
				A641EF511E65A45600C94BB9 /* Main.storyboard */,
				A641EF541E65A45600C94BB9 /* Assets.xcassets */,
				A641EF561E65A45600C94BB9 /* LaunchScreen.storyboard */,
				A641EF591E65A45600C94BB9 /* Info.plist */,
			);
			path = HLSTask;
			sourceTree = "<group>";
		};
/* End PBXGroup section */

/* Begin PBXNativeTarget section */
		A641EF491E65A45600C94BB9 /* HLSTask */ = {
			isa = PBXNativeTarget;
			buildConfigurationList = A641EF5C1E65A45600C94BB9 /* Build configuration list for PBXNativeTarget "HLSTask" */;
			buildPhases = (
				A641EF461E65A45600C94BB9 /* Sources */,
				A641EF471E65A45600C94BB9 /* Frameworks */,
				A641EF481E65A45600C94BB9 /* Resources */,
			);
			buildRules = (
			);
			dependencies = (
			);
			name = HLSTask;
			productName = HLSTask;
			productReference = A641EF4A1E65A45600C94BB9 /* HLSTask.app */;
			productType = "com.apple.product-type.application";
		};
/* End PBXNativeTarget section */

/* Begin PBXProject section */
		A641EF421E65A45600C94BB9 /* Project object */ = {
			isa = PBXProject;
			attributes = {
				LastSwiftUpdateCheck = 0820;
				LastUpgradeCheck = 0820;
				ORGANIZATIONNAME = PavelKnd;
				TargetAttributes = {
					A641EF491E65A45600C94BB9 = {
						CreatedOnToolsVersion = 8.2.1;
						DevelopmentTeam = QJ2BD4YXV9;
						ProvisioningStyle = Automatic;
					};
				};
			};
			buildConfigurationList = A641EF451E65A45600C94BB9 /* Build configuration list for PBXProject "HLSTask" */;
			compatibilityVersion = "Xcode 3.2";
			developmentRegion = English;
			hasScannedForEncodings = 0;
			knownRegions = (
				en,
				Base,
			);
			mainGroup = A641EF411E65A45600C94BB9;
			productRefGroup = A641EF4B1E65A45600C94BB9 /* Products */;
			projectDirPath = "";
			projectRoot = "";
			targets = (
				A641EF491E65A45600C94BB9 /* HLSTask */,
			);
		};
/* End PBXProject section */

/* Begin PBXResourcesBuildPhase section */
		A641EF481E65A45600C94BB9 /* Resources */ = {
			isa = PBXResourcesBuildPhase;
			buildActionMask = 2147483647;
			files = (
				A641EF581E65A45600C94BB9 /* LaunchScreen.storyboard in Resources */,
				A641EF551E65A45600C94BB9 /* Assets.xcassets in Resources */,
				A641EF531E65A45600C94BB9 /* Main.storyboard in Resources */,
			);
			runOnlyForDeploymentPostprocessing = 0;
		};
/* End PBXResourcesBuildPhase section */

/* Begin PBXSourcesBuildPhase section */
		A641EF461E65A45600C94BB9 /* Sources */ = {
			isa = PBXSourcesBuildPhase;
			buildActionMask = 2147483647;
			files = (
				A641EF501E65A45600C94BB9 /* ViewController.swift in Sources */,
				A641EF4E1E65A45600C94BB9 /* AppDelegate.swift in Sources */,
			);
			runOnlyForDeploymentPostprocessing = 0;
		};
/* End PBXSourcesBuildPhase section */

/* Begin PBXVariantGroup section */
		A641EF511E65A45600C94BB9 /* Main.storyboard */ = {
			isa = PBXVariantGroup;
			children = (
				A641EF521E65A45600C94BB9 /* Base */,
			);
			name = Main.storyboard;
			sourceTree = "<group>";
		};
		A641EF561E65A45600C94BB9 /* LaunchScreen.storyboard */ = {
			isa = PBXVariantGroup;
			children = (
				A641EF571E65A45600C94BB9 /* Base */,
			);
			name = LaunchScreen.storyboard;
			sourceTree = "<group>";
		};
/* End PBXVariantGroup section */

/* Begin XCBuildConfiguration section */
		A641EF5A1E65A45600C94BB9 /* Debug */ = {
			isa = XCBuildConfiguration;
			buildSettings = {
				ALWAYS_SEARCH_USER_PATHS = NO;
				CLANG_ANALYZER_NONNULL = YES;
				CLANG_CXX_LANGUAGE_STANDARD = "gnu++0x";
				CLANG_CXX_LIBRARY = "libc++";
				CLANG_ENABLE_MODULES = YES;
				CLANG_ENABLE_OBJC_ARC = YES;
				CLANG_WARN_BOOL_CONVERSION = YES;
				CLANG_WARN_CONSTANT_CONVERSION = YES;
				CLANG_WARN_DIRECT_OBJC_ISA_USAGE = YES_ERROR;
				CLANG_WARN_DOCUMENTATION_COMMENTS = YES;
				CLANG_WARN_EMPTY_BODY = YES;
				CLANG_WARN_ENUM_CONVERSION = YES;
				CLANG_WARN_INFINITE_RECURSION = YES;
				CLANG_WARN_INT_CONVERSION = YES;
				CLANG_WARN_OBJC_ROOT_CLASS = YES_ERROR;
				CLANG_WARN_SUSPICIOUS_MOVE = YES;
				CLANG_WARN_UNREACHABLE_CODE = YES;
				CLANG_WARN__DUPLICATE_METHOD_MATCH = YES;
				"CODE_SIGN_IDENTITY[sdk=iphoneos*]" = "iPhone Developer";
				COPY_PHASE_STRIP = NO;
				DEBUG_INFORMATION_FORMAT = dwarf;
				ENABLE_STRICT_OBJC_MSGSEND = YES;
				ENABLE_TESTABILITY = YES;
				GCC_C_LANGUAGE_STANDARD = gnu99;
				GCC_DYNAMIC_NO_PIC = NO;
				GCC_NO_COMMON_BLOCKS = YES;
				GCC_OPTIMIZATION_LEVEL = 0;
				GCC_PREPROCESSOR_DEFINITIONS = (
					"DEBUG=1",
					"$(inherited)",
				);
				GCC_WARN_64_TO_32_BIT_CONVERSION = YES;
				GCC_WARN_ABOUT_RETURN_TYPE = YES_ERROR;
				GCC_WARN_UNDECLARED_SELECTOR = YES;
				GCC_WARN_UNINITIALIZED_AUTOS = YES_AGGRESSIVE;
				GCC_WARN_UNUSED_FUNCTION = YES;
				GCC_WARN_UNUSED_VARIABLE = YES;
				IPHONEOS_DEPLOYMENT_TARGET = 10.2;
				MTL_ENABLE_DEBUG_INFO = YES;
				ONLY_ACTIVE_ARCH = YES;
				SDKROOT = iphoneos;
				SWIFT_ACTIVE_COMPILATION_CONDITIONS = DEBUG;
				SWIFT_OPTIMIZATION_LEVEL = "-Onone";
			};
			name = Debug;
		};
		A641EF5B1E65A45600C94BB9 /* Release */ = {
			isa = XCBuildConfiguration;
			buildSettings = {
				ALWAYS_SEARCH_USER_PATHS = NO;
				CLANG_ANALYZER_NONNULL = YES;
				CLANG_CXX_LANGUAGE_STANDARD = "gnu++0x";
				CLANG_CXX_LIBRARY = "libc++";
				CLANG_ENABLE_MODULES = YES;
				CLANG_ENABLE_OBJC_ARC = YES;
				CLANG_WARN_BOOL_CONVERSION = YES;
				CLANG_WARN_CONSTANT_CONVERSION = YES;
				CLANG_WARN_DIRECT_OBJC_ISA_USAGE = YES_ERROR;
				CLANG_WARN_DOCUMENTATION_COMMENTS = YES;
				CLANG_WARN_EMPTY_BODY = YES;
				CLANG_WARN_ENUM_CONVERSION = YES;
				CLANG_WARN_INFINITE_RECURSION = YES;
				CLANG_WARN_INT_CONVERSION = YES;
				CLANG_WARN_OBJC_ROOT_CLASS = YES_ERROR;
				CLANG_WARN_SUSPICIOUS_MOVE = YES;
				CLANG_WARN_UNREACHABLE_CODE = YES;
				CLANG_WARN__DUPLICATE_METHOD_MATCH = YES;
				"CODE_SIGN_IDENTITY[sdk=iphoneos*]" = "iPhone Developer";
				COPY_PHASE_STRIP = NO;
				DEBUG_INFORMATION_FORMAT = "dwarf-with-dsym";
				ENABLE_NS_ASSERTIONS = NO;
				ENABLE_STRICT_OBJC_MSGSEND = YES;
				GCC_C_LANGUAGE_STANDARD = gnu99;
				GCC_NO_COMMON_BLOCKS = YES;
				GCC_WARN_64_TO_32_BIT_CONVERSION = YES;
				GCC_WARN_ABOUT_RETURN_TYPE = YES_ERROR;
				GCC_WARN_UNDECLARED_SELECTOR = YES;
				GCC_WARN_UNINITIALIZED_AUTOS = YES_AGGRESSIVE;
				GCC_WARN_UNUSED_FUNCTION = YES;
				GCC_WARN_UNUSED_VARIABLE = YES;
				IPHONEOS_DEPLOYMENT_TARGET = 10.2;
				MTL_ENABLE_DEBUG_INFO = NO;
				SDKROOT = iphoneos;
				SWIFT_OPTIMIZATION_LEVEL = "-Owholemodule";
				VALIDATE_PRODUCT = YES;
			};
			name = Release;
		};
		A641EF5D1E65A45600C94BB9 /* Debug */ = {
			isa = XCBuildConfiguration;
			buildSettings = {
				ASSETCATALOG_COMPILER_APPICON_NAME = AppIcon;
				DEVELOPMENT_TEAM = QJ2BD4YXV9;
				INFOPLIST_FILE = HLSTask/Info.plist;
				LD_RUNPATH_SEARCH_PATHS = "$(inherited) @executable_path/Frameworks";
				PRODUCT_BUNDLE_IDENTIFIER = elinext.HLSTask;
				PRODUCT_NAME = "$(TARGET_NAME)";
				SWIFT_VERSION = 3.0;
			};
			name = Debug;
		};
		A641EF5E1E65A45600C94BB9 /* Release */ = {
			isa = XCBuildConfiguration;
			buildSettings = {
				ASSETCATALOG_COMPILER_APPICON_NAME = AppIcon;
				DEVELOPMENT_TEAM = QJ2BD4YXV9;
				INFOPLIST_FILE = HLSTask/Info.plist;
				LD_RUNPATH_SEARCH_PATHS = "$(inherited) @executable_path/Frameworks";
				PRODUCT_BUNDLE_IDENTIFIER = elinext.HLSTask;
				PRODUCT_NAME = "$(TARGET_NAME)";
				SWIFT_VERSION = 3.0;
			};
			name = Release;
		};
/* End XCBuildConfiguration section */

/* Begin XCConfigurationList section */
		A641EF451E65A45600C94BB9 /* Build configuration list for PBXProject "HLSTask" */ = {
			isa = XCConfigurationList;
			buildConfigurations = (
				A641EF5A1E65A45600C94BB9 /* Debug */,
				A641EF5B1E65A45600C94BB9 /* Release */,
			);
			defaultConfigurationIsVisible = 0;
			defaultConfigurationName = Release;
		};
		A641EF5C1E65A45600C94BB9 /* Build configuration list for PBXNativeTarget "HLSTask" */ = {
			isa = XCConfigurationList;
			buildConfigurations = (
				A641EF5D1E65A45600C94BB9 /* Debug */,
				A641EF5E1E65A45600C94BB9 /* Release */,
			);
			defaultConfigurationIsVisible = 0;
		};
/* End XCConfigurationList section */
	};
	rootObject = A641EF421E65A45600C94BB9 /* Project object */;
}
